
Microsoft Visual Studio Solution File, Format Version 12.00
# Visual Studio Version 17
VisualStudioVersion = 17.14.36212.18 d17.14
MinimumVisualStudioVersion = 10.0.40219.1
Project("{FAE04EC0-301F-11D3-BF4B-00C04F79EFBC}") = "Login", "Login.csproj", "{182B83D1-8F07-46FD-95F9-98FBDE7EAF96}"
EndProject
Global
	GlobalSection(SolutionConfigurationPlatforms) = preSolution
		Debug|Any CPU = Debug|Any CPU
		Release|Any CPU = Release|Any CPU
	EndGlobalSection
	GlobalSection(ProjectConfigurationPlatforms) = postSolution
		{182B83D1-8F07-46FD-95F9-98FBDE7EAF96}.Debug|Any CPU.ActiveCfg = Debug|Any CPU
		{182B83D1-8F07-46FD-95F9-98FBDE7EAF96}.Debug|Any CPU.Build.0 = Debug|Any CPU
		{182B83D1-8F07-46FD-95F9-98FBDE7EAF96}.Release|Any CPU.ActiveCfg = Release|Any CPU
		{182B83D1-8F07-46FD-95F9-98FBDE7EAF96}.Release|Any CPU.Build.0 = Release|Any CPU
	EndGlobalSection
	GlobalSection(SolutionProperties) = preSolution
		HideSolutionNode = FALSE
	EndGlobalSection
	GlobalSection(ExtensibilityGlobals) = postSolution
		SolutionGuid = {C76B1A9E-D59E-485A-A2F5-B41D24446C5D}
	EndGlobalSection
EndGlobal
